
Microsoft Visual Studio Solution File, Format Version 12.00
# Visual Studio Version 17
VisualStudioVersion = 17.14.36414.22 d17.14
MinimumVisualStudioVersion = 10.0.40219.1
Project("{FAE04EC0-301F-11D3-BF4B-00C04F79EFBC}") = "Lab_2", "Lab_2\Lab_2.csproj", "{769AF682-0633-47D8-B2B4-4195947EBBCC}"
EndProject
Global
	GlobalSection(SolutionConfigurationPlatforms) = preSolution
		Debug|Any CPU = Debug|Any CPU
		Release|Any CPU = Release|Any CPU
	EndGlobalSection
	GlobalSection(ProjectConfigurationPlatforms) = postSolution
		{769AF682-0633-47D8-B2B4-4195947EBBCC}.Debug|Any CPU.ActiveCfg = Debug|Any CPU
		{769AF682-0633-47D8-B2B4-4195947EBBCC}.Debug|Any CPU.Build.0 = Debug|Any CPU
		{769AF682-0633-47D8-B2B4-4195947EBBCC}.Release|Any CPU.ActiveCfg = Release|Any CPU
		{769AF682-0633-47D8-B2B4-4195947EBBCC}.Release|Any CPU.Build.0 = Release|Any CPU
	EndGlobalSection
	GlobalSection(SolutionProperties) = preSolution
		HideSolutionNode = FALSE
	EndGlobalSection
	GlobalSection(ExtensibilityGlobals) = postSolution
		SolutionGuid = {9D0D2DCB-FC8B-484B-A570-64B98F82CCB6}
	EndGlobalSection
EndGlobal
